---
id: draftlispeidblock
schema_version: v1.4.1
formattedref: draft-lisp-eid-block
title:
- language: en
  script: Latn
  content: LISP EID Block
docidentifier:
- content: draft-lisp-eid-block
  type: Internet-Draft
  primary: true
abstract:
- language: en
  script: Latn
  content: "   This is a direction to IANA to allocate a /16 IPv6 prefix for use\n
    \  with the Locator/ID Separation Protocol (LISP).  The prefix will be\n   used
    by sites deploying LISP as EID (Endpoint IDentifier) addressing\n   space for
    local intra-domain routing and global endpoint\n   identification.\n\n\t "
relation:
- type: includes
  bibitem:
    formattedref: draft-lisp-eid-block-00
    source:
    - type: src
      content: https://datatracker.ietf.org/doc/html/draft-lisp-eid-block-00
    docidentifier:
    - content: draft-lisp-eid-block-00
      type: Internet-Draft
      primary: true
