---
id: draftsiposdtnmanifestblock
schema_version: v1.4.1
formattedref: draft-sipos-dtn-manifest-block
title:
- language: en
  script: Latn
  content: Bundle Protocol (BP) Manifest Block
docidentifier:
- content: draft-sipos-dtn-manifest-block
  type: Internet-Draft
  primary: true
abstract:
- language: en
  script: Latn
  content: "   This document defines an extension block type for Bundle Protocol\n
    \  version 7 to capture discretionary summary data about the state of a\n   Bundle
    at the time the extension block is added.  This Manifest\n   structure is a general
    purpose container for information about other\n   blocks, and can be used as a
    piece-part of a larger security\n   operation.\n\n\t "
relation:
- type: includes
  bibitem:
    formattedref: draft-sipos-dtn-manifest-block-00
    source:
    - type: src
      content: https://datatracker.ietf.org/doc/html/draft-sipos-dtn-manifest-block-00
    docidentifier:
    - content: draft-sipos-dtn-manifest-block-00
      type: Internet-Draft
      primary: true
